PODS:
  - LetsMove (1.24)
  - Sparkle (1.20.0)

DEPENDENCIES:
  - LetsMove
  - Sparkle

SPEC REPOS:
  https://github.com/cocoapods/specs.git:
    - LetsMove
    - Sparkle

SPEC CHECKSUMS:
  LetsMove: fefe56bc7bc7fb7d37049e28a14f297961229fc5
  Sparkle: 48999e7ee032f05ca05e28451eadf4af8ede6b44

PODFILE CHECKSUM: 39a0d4eaa354ee01951b7e1a27045b2eefe27557

COCOAPODS: 1.5.3
