// !$*UTF8*$!
{
	archiveVersion = 1;
	classes = {
	};
	objectVersion = 48;
	objects = {

/* Begin PBXBuildFile section */
		1E2DD8A2F93E178850ECF8CB /* Pods_DockerBarTests.framework in Frameworks */ = {isa = PBXBuildFile; fileRef = 158D4708B27D40D557AA0384 /* Pods_DockerBarTests.framework */; };
		5951A3FFF8C5ACD716E67A4F /* Pods_DockerBar.framework in Frameworks */ = {isa = PBXBuildFile; fileRef = A54D9856A03289B1453E33F0 /* Pods_DockerBar.framework */; };
		682EDEADA7C08A8BF6E334EA /* Pods_DockerBarUITests.framework in Frameworks */ = {isa = PBXBuildFile; fileRef = ED2DF4A2960927EA3A3003F0 /* Pods_DockerBarUITests.framework */; };
		E50F46561E4EBF3D0075AD7F /* PreferencesWindow.swift in Sources */ = {isa = PBXBuildFile; fileRef = E50F46541E4EBF3D0075AD7F /* PreferencesWindow.swift */; };
		E50F46571E4EBF3D0075AD7F /* PreferencesWindow.xib in Resources */ = {isa = PBXBuildFile; fileRef = E50F46551E4EBF3D0075AD7F /* PreferencesWindow.xib */; };
		E51BFD911E5545C800A2CD23 /* AppDelegate.m in Sources */ = {isa = PBXBuildFile; fileRef = E51BFD901E5545C800A2CD23 /* AppDelegate.m */; };
		E51BFD941E5545C800A2CD23 /* main.m in Sources */ = {isa = PBXBuildFile; fileRef = E51BFD931E5545C800A2CD23 /* main.m */; };
		E51BFD961E5545C800A2CD23 /* Assets.xcassets in Resources */ = {isa = PBXBuildFile; fileRef = E51BFD951E5545C800A2CD23 /* Assets.xcassets */; };
		E51BFD991E5545C800A2CD23 /* MainMenu.xib in Resources */ = {isa = PBXBuildFile; fileRef = E51BFD971E5545C800A2CD23 /* MainMenu.xib */; };
		E51BFDA01E5545ED00A2CD23 /* ServiceManagement.framework in Frameworks */ = {isa = PBXBuildFile; fileRef = E51BFD9F1E5545ED00A2CD23 /* ServiceManagement.framework */; };
		E51BFDA11E5545F400A2CD23 /* ServiceManagement.framework in Frameworks */ = {isa = PBXBuildFile; fileRef = E51BFD9F1E5545ED00A2CD23 /* ServiceManagement.framework */; };
		E51BFDA51E55465500A2CD23 /* DockerBarHelper.app in CopyFiles */ = {isa = PBXBuildFile; fileRef = E51BFD8D1E5545C700A2CD23 /* DockerBarHelper.app */; settings = {ATTRIBUTES = (RemoveHeadersOnCopy, ); }; };
		E548E0121E55529300C2E63C /* Podfile in Resources */ = {isa = PBXBuildFile; fileRef = E548E0111E55529300C2E63C /* Podfile */; };
		E548E0151E555AC100C2E63C /* dsa_pub.pem in Resources */ = {isa = PBXBuildFile; fileRef = E548E0141E555AC100C2E63C /* dsa_pub.pem */; };
		E56DC2821E4A27F700D9D2D9 /* DockerContainer.swift in Sources */ = {isa = PBXBuildFile; fileRef = E56DC2811E4A27F700D9D2D9 /* DockerContainer.swift */; };
		E5CDC8421E4951C600DD297F /* AppDelegate.swift in Sources */ = {isa = PBXBuildFile; fileRef = E5CDC8411E4951C600DD297F /* AppDelegate.swift */; };
		E5CDC8441E4951C600DD297F /* Assets.xcassets in Resources */ = {isa = PBXBuildFile; fileRef = E5CDC8431E4951C600DD297F /* Assets.xcassets */; };
		E5CDC8471E4951C600DD297F /* MainMenu.xib in Resources */ = {isa = PBXBuildFile; fileRef = E5CDC8451E4951C600DD297F /* MainMenu.xib */; };
		E5CDC8521E4951C600DD297F /* DockerBarTests.swift in Sources */ = {isa = PBXBuildFile; fileRef = E5CDC8511E4951C600DD297F /* DockerBarTests.swift */; };
		E5CDC85D1E4951C600DD297F /* DockerBarUITests.swift in Sources */ = {isa = PBXBuildFile; fileRef = E5CDC85C1E4951C600DD297F /* DockerBarUITests.swift */; };
		E5CDC86B1E4975E900DD297F /* StatusMenuController.swift in Sources */ = {isa = PBXBuildFile; fileRef = E5CDC86A1E4975E900DD297F /* StatusMenuController.swift */; };
		E5CDC86E1E497A5A00DD297F /* DockerAPI.swift in Sources */ = {isa = PBXBuildFile; fileRef = E5CDC86D1E497A5A00DD297F /* DockerAPI.swift */; };
		E5CDC8701E4A1C3C00DD297F /* RegexExtension.swift in Sources */ = {isa = PBXBuildFile; fileRef = E5CDC86F1E4A1C3C00DD297F /* RegexExtension.swift */; };
		F73ABB6668CA706EFB7C7718 /* Pods_DockerBarHelper.framework in Frameworks */ = {isa = PBXBuildFile; fileRef = 465E288DCE156353C1F283EA /* Pods_DockerBarHelper.framework */; };
/* End PBXBuildFile section */

/* Begin PBXContainerItemProxy section */
		E5CDC84E1E4951C600DD297F /* PBXContainerItemProxy */ = {
			isa = PBXContainerItemProxy;
			containerPortal = E5CDC8361E4951C600DD297F /* Project object */;
			proxyType = 1;
			remoteGlobalIDString = E5CDC83D1E4951C600DD297F;
			remoteInfo = WeatherBar;
		};
		E5CDC8591E4951C600DD297F /* PBXContainerItemProxy */ = {
			isa = PBXContainerItemProxy;
			containerPortal = E5CDC8361E4951C600DD297F /* Project object */;
			proxyType = 1;
			remoteGlobalIDString = E5CDC83D1E4951C600DD297F;
			remoteInfo = WeatherBar;
		};
/* End PBXContainerItemProxy section */

/* Begin PBXCopyFilesBuildPhase section */
		E51BFDA41E55464800A2CD23 /* CopyFiles */ = {
			isa = PBXCopyFilesBuildPhase;
			buildActionMask = 2147483647;
			dstPath = Contents/Library/LoginItems;
			dstSubfolderSpec = 7;
			files = (
				E51BFDA51E55465500A2CD23 /* DockerBarHelper.app in CopyFiles */,
			);
			runOnlyForDeploymentPostprocessing = 0;
		};
/* End PBXCopyFilesBuildPhase section */

/* Begin PBXFileReference section */
		158D4708B27D40D557AA0384 /* Pods_DockerBarTests.framework */ = {isa = PBXFileReference; explicitFileType = wrapper.framework; includeInIndex = 0; path = Pods_DockerBarTests.framework; sourceTree = BUILT_PRODUCTS_DIR; };
		465E288DCE156353C1F283EA /* Pods_DockerBarHelper.framework */ = {isa = PBXFileReference; explicitFileType = wrapper.framework; includeInIndex = 0; path = Pods_DockerBarHelper.framework; sourceTree = BUILT_PRODUCTS_DIR; };
		7F6185659589652BACEAB965 /* Pods-DockerBarHelper.debug.xcconfig */ = {isa = PBXFileReference; includeInIndex = 1; lastKnownFileType = text.xcconfig; name = "Pods-DockerBarHelper.debug.xcconfig"; path = "Pods/Target Support Files/Pods-DockerBarHelper/Pods-DockerBarHelper.debug.xcconfig"; sourceTree = "<group>"; };
		8B67F1A9A6E302E3449DB410 /* Pods-DockerBar.debug.xcconfig */ = {isa = PBXFileReference; includeInIndex = 1; lastKnownFileType = text.xcconfig; name = "Pods-DockerBar.debug.xcconfig"; path = "Pods/Target Support Files/Pods-DockerBar/Pods-DockerBar.debug.xcconfig"; sourceTree = "<group>"; };
		929733CCCDBD84E9A364348C /* Pods-DockerBarUITests.release.xcconfig */ = {isa = PBXFileReference; includeInIndex = 1; lastKnownFileType = text.xcconfig; name = "Pods-DockerBarUITests.release.xcconfig"; path = "Pods/Target Support Files/Pods-DockerBarUITests/Pods-DockerBarUITests.release.xcconfig"; sourceTree = "<group>"; };
		97C5EAE6B9663D9E18EFC7A9 /* Pods-DockerBarTests.debug.xcconfig */ = {isa = PBXFileReference; includeInIndex = 1; lastKnownFileType = text.xcconfig; name = "Pods-DockerBarTests.debug.xcconfig"; path = "Pods/Target Support Files/Pods-DockerBarTests/Pods-DockerBarTests.debug.xcconfig"; sourceTree = "<group>"; };
		A54D9856A03289B1453E33F0 /* Pods_DockerBar.framework */ = {isa = PBXFileReference; explicitFileType = wrapper.framework; includeInIndex = 0; path = Pods_DockerBar.framework; sourceTree = BUILT_PRODUCTS_DIR; };
		A64BA147957A3C78C9272053 /* Pods-DockerBar.release.xcconfig */ = {isa = PBXFileReference; includeInIndex = 1; lastKnownFileType = text.xcconfig; name = "Pods-DockerBar.release.xcconfig"; path = "Pods/Target Support Files/Pods-DockerBar/Pods-DockerBar.release.xcconfig"; sourceTree = "<group>"; };
		C2EB748DEC1EA39050D4627A /* Pods-DockerBarTests.release.xcconfig */ = {isa = PBXFileReference; includeInIndex = 1; lastKnownFileType = text.xcconfig; name = "Pods-DockerBarTests.release.xcconfig"; path = "Pods/Target Support Files/Pods-DockerBarTests/Pods-DockerBarTests.release.xcconfig"; sourceTree = "<group>"; };
		E50F46541E4EBF3D0075AD7F /* PreferencesWindow.swift */ = {isa = PBXFileReference; fileEncoding = 4; lastKnownFileType = sourcecode.swift; path = PreferencesWindow.swift; sourceTree = "<group>"; };
		E50F46551E4EBF3D0075AD7F /* PreferencesWindow.xib */ = {isa = PBXFileReference; fileEncoding = 4; lastKnownFileType = file.xib; path = PreferencesWindow.xib; sourceTree = "<group>"; };
		E51BFD8D1E5545C700A2CD23 /* DockerBarHelper.app */ = {isa = PBXFileReference; explicitFileType = wrapper.application; includeInIndex = 0; path = DockerBarHelper.app; sourceTree = BUILT_PRODUCTS_DIR; };
		E51BFD8F1E5545C800A2CD23 /* AppDelegate.h */ = {isa = PBXFileReference; lastKnownFileType = sourcecode.c.h; path = AppDelegate.h; sourceTree = "<group>"; };
		E51BFD901E5545C800A2CD23 /* AppDelegate.m */ = {isa = PBXFileReference; lastKnownFileType = sourcecode.c.objc; path = AppDelegate.m; sourceTree = "<group>"; };
		E51BFD931E5545C800A2CD23 /* main.m */ = {isa = PBXFileReference; lastKnownFileType = sourcecode.c.objc; path = main.m; sourceTree = "<group>"; };
		E51BFD951E5545C800A2CD23 /* Assets.xcassets */ = {isa = PBXFileReference; lastKnownFileType = folder.assetcatalog; path = Assets.xcassets; sourceTree = "<group>"; };
		E51BFD981E5545C800A2CD23 /* Base */ = {isa = PBXFileReference; lastKnownFileType = file.xib; name = Base; path = Base.lproj/MainMenu.xib; sourceTree = "<group>"; };
		E51BFD9A1E5545C800A2CD23 /* Info.plist */ = {isa = PBXFileReference; lastKnownFileType = text.plist.xml; path = Info.plist; sourceTree = "<group>"; };
		E51BFD9F1E5545ED00A2CD23 /* ServiceManagement.framework */ = {isa = PBXFileReference; lastKnownFileType = wrapper.framework; name = ServiceManagement.framework; path = System/Library/Frameworks/ServiceManagement.framework; sourceTree = SDKROOT; };
		E548E0111E55529300C2E63C /* Podfile */ = {isa = PBXFileReference; fileEncoding = 4; lastKnownFileType = text; path = Podfile; sourceTree = SOURCE_ROOT; xcLanguageSpecificationIdentifier = xcode.lang.ruby; };
		E548E0141E555AC100C2E63C /* dsa_pub.pem */ = {isa = PBXFileReference; fileEncoding = 4; lastKnownFileType = text; path = dsa_pub.pem; sourceTree = "<group>"; };
		E56DC2811E4A27F700D9D2D9 /* DockerContainer.swift */ = {isa = PBXFileReference; fileEncoding = 4; lastKnownFileType = sourcecode.swift; path = DockerContainer.swift; sourceTree = "<group>"; };
		E5CDC83E1E4951C600DD297F /* DockerBar.app */ = {isa = PBXFileReference; explicitFileType = wrapper.application; includeInIndex = 0; path = DockerBar.app; sourceTree = BUILT_PRODUCTS_DIR; };
		E5CDC8411E4951C600DD297F /* AppDelegate.swift */ = {isa = PBXFileReference; lastKnownFileType = sourcecode.swift; path = AppDelegate.swift; sourceTree = "<group>"; };
		E5CDC8431E4951C600DD297F /* Assets.xcassets */ = {isa = PBXFileReference; lastKnownFileType = folder.assetcatalog; path = Assets.xcassets; sourceTree = "<group>"; };
		E5CDC8461E4951C600DD297F /* Base */ = {isa = PBXFileReference; lastKnownFileType = file.xib; name = Base; path = Base.lproj/MainMenu.xib; sourceTree = "<group>"; };
		E5CDC8481E4951C600DD297F /* Info.plist */ = {isa = PBXFileReference; lastKnownFileType = text.plist.xml; path = Info.plist; sourceTree = "<group>"; };
		E5CDC84D1E4951C600DD297F /* DockerBarTests.xctest */ = {isa = PBXFileReference; explicitFileType = wrapper.cfbundle; includeInIndex = 0; path = DockerBarTests.xctest; sourceTree = BUILT_PRODUCTS_DIR; };
		E5CDC8511E4951C600DD297F /* DockerBarTests.swift */ = {isa = PBXFileReference; lastKnownFileType = sourcecode.swift; path = DockerBarTests.swift; sourceTree = "<group>"; };
		E5CDC8531E4951C600DD297F /* Info.plist */ = {isa = PBXFileReference; lastKnownFileType = text.plist.xml; path = Info.plist; sourceTree = "<group>"; };
		E5CDC8581E4951C600DD297F /* DockerBarUITests.xctest */ = {isa = PBXFileReference; explicitFileType = wrapper.cfbundle; includeInIndex = 0; path = DockerBarUITests.xctest; sourceTree = BUILT_PRODUCTS_DIR; };
		E5CDC85C1E4951C600DD297F /* DockerBarUITests.swift */ = {isa = PBXFileReference; lastKnownFileType = sourcecode.swift; path = DockerBarUITests.swift; sourceTree = "<group>"; };
		E5CDC85E1E4951C600DD297F /* Info.plist */ = {isa = PBXFileReference; lastKnownFileType = text.plist.xml; path = Info.plist; sourceTree = "<group>"; };
		E5CDC86A1E4975E900DD297F /* StatusMenuController.swift */ = {isa = PBXFileReference; fileEncoding = 4; lastKnownFileType = sourcecode.swift; path = StatusMenuController.swift; sourceTree = "<group>"; };
		E5CDC86D1E497A5A00DD297F /* DockerAPI.swift */ = {isa = PBXFileReference; fileEncoding = 4; lastKnownFileType = sourcecode.swift; path = DockerAPI.swift; sourceTree = "<group>"; };
		E5CDC86F1E4A1C3C00DD297F /* RegexExtension.swift */ = {isa = PBXFileReference; fileEncoding = 4; lastKnownFileType = sourcecode.swift; path = RegexExtension.swift; sourceTree = "<group>"; };
		ED2DF4A2960927EA3A3003F0 /* Pods_DockerBarUITests.framework */ = {isa = PBXFileReference; explicitFileType = wrapper.framework; includeInIndex = 0; path = Pods_DockerBarUITests.framework; sourceTree = BUILT_PRODUCTS_DIR; };
		F7178212A28F4A525A07261F /* Pods-DockerBarUITests.debug.xcconfig */ = {isa = PBXFileReference; includeInIndex = 1; lastKnownFileType = text.xcconfig; name = "Pods-DockerBarUITests.debug.xcconfig"; path = "Pods/Target Support Files/Pods-DockerBarUITests/Pods-DockerBarUITests.debug.xcconfig"; sourceTree = "<group>"; };
		FE87B83AB3296BCCEC047AC7 /* Pods-DockerBarHelper.release.xcconfig */ = {isa = PBXFileReference; includeInIndex = 1; lastKnownFileType = text.xcconfig; name = "Pods-DockerBarHelper.release.xcconfig"; path = "Pods/Target Support Files/Pods-DockerBarHelper/Pods-DockerBarHelper.release.xcconfig"; sourceTree = "<group>"; };
/* End PBXFileReference section */

/* Begin PBXFrameworksBuildPhase section */
		E51BFD8A1E5545C700A2CD23 /* Frameworks */ = {
			isa = PBXFrameworksBuildPhase;
			buildActionMask = 2147483647;
			files = (
				E51BFDA11E5545F400A2CD23 /* ServiceManagement.framework in Frameworks */,
				F73ABB6668CA706EFB7C7718 /* Pods_DockerBarHelper.framework in Frameworks */,
			);
			runOnlyForDeploymentPostprocessing = 0;
		};
		E5CDC83B1E4951C600DD297F /* Frameworks */ = {
			isa = PBXFrameworksBuildPhase;
			buildActionMask = 2147483647;
			files = (
				E51BFDA01E5545ED00A2CD23 /* ServiceManagement.framework in Frameworks */,
				5951A3FFF8C5ACD716E67A4F /* Pods_DockerBar.framework in Frameworks */,
			);
			runOnlyForDeploymentPostprocessing = 0;
		};
		E5CDC84A1E4951C600DD297F /* Frameworks */ = {
			isa = PBXFrameworksBuildPhase;
			buildActionMask = 2147483647;
			files = (
				1E2DD8A2F93E178850ECF8CB /* Pods_DockerBarTests.framework in Frameworks */,
			);
			runOnlyForDeploymentPostprocessing = 0;
		};
		E5CDC8551E4951C600DD297F /* Frameworks */ = {
			isa = PBXFrameworksBuildPhase;
			buildActionMask = 2147483647;
			files = (
				682EDEADA7C08A8BF6E334EA /* Pods_DockerBarUITests.framework in Frameworks */,
			);
			runOnlyForDeploymentPostprocessing = 0;
		};
/* End PBXFrameworksBuildPhase section */

/* Begin PBXGroup section */
		1CFFADF34A2BC694102544CE /* Pods */ = {
			isa = PBXGroup;
			children = (
				8B67F1A9A6E302E3449DB410 /* Pods-DockerBar.debug.xcconfig */,
				A64BA147957A3C78C9272053 /* Pods-DockerBar.release.xcconfig */,
				7F6185659589652BACEAB965 /* Pods-DockerBarHelper.debug.xcconfig */,
				FE87B83AB3296BCCEC047AC7 /* Pods-DockerBarHelper.release.xcconfig */,
				97C5EAE6B9663D9E18EFC7A9 /* Pods-DockerBarTests.debug.xcconfig */,
				C2EB748DEC1EA39050D4627A /* Pods-DockerBarTests.release.xcconfig */,
				F7178212A28F4A525A07261F /* Pods-DockerBarUITests.debug.xcconfig */,
				929733CCCDBD84E9A364348C /* Pods-DockerBarUITests.release.xcconfig */,
			);
			name = Pods;
			sourceTree = "<group>";
		};
		E51BFD8E1E5545C800A2CD23 /* DockerBarHelper */ = {
			isa = PBXGroup;
			children = (
				E51BFD8F1E5545C800A2CD23 /* AppDelegate.h */,
				E51BFD901E5545C800A2CD23 /* AppDelegate.m */,
				E51BFD951E5545C800A2CD23 /* Assets.xcassets */,
				E51BFD971E5545C800A2CD23 /* MainMenu.xib */,
				E51BFD9A1E5545C800A2CD23 /* Info.plist */,
				E51BFD921E5545C800A2CD23 /* Supporting Files */,
			);
			path = DockerBarHelper;
			sourceTree = "<group>";
		};
		E51BFD921E5545C800A2CD23 /* Supporting Files */ = {
			isa = PBXGroup;
			children = (
				E51BFD931E5545C800A2CD23 /* main.m */,
			);
			name = "Supporting Files";
			sourceTree = "<group>";
		};
		E51BFD9E1E5545ED00A2CD23 /* Frameworks */ = {
			isa = PBXGroup;
			children = (
				E51BFD9F1E5545ED00A2CD23 /* ServiceManagement.framework */,
				A54D9856A03289B1453E33F0 /* Pods_DockerBar.framework */,
				465E288DCE156353C1F283EA /* Pods_DockerBarHelper.framework */,
				158D4708B27D40D557AA0384 /* Pods_DockerBarTests.framework */,
				ED2DF4A2960927EA3A3003F0 /* Pods_DockerBarUITests.framework */,
			);
			name = Frameworks;
			sourceTree = "<group>";
		};
		E548E0131E555AB000C2E63C /* Resources */ = {
			isa = PBXGroup;
			children = (
				E548E0141E555AC100C2E63C /* dsa_pub.pem */,
			);
			name = Resources;
			sourceTree = "<group>";
		};
		E5CDC8351E4951C600DD297F = {
			isa = PBXGroup;
			children = (
				E548E0131E555AB000C2E63C /* Resources */,
				E5CDC8401E4951C600DD297F /* DockerBar */,
				E5CDC8501E4951C600DD297F /* DockerBarTests */,
				E5CDC85B1E4951C600DD297F /* DockerBarUITests */,
				E51BFD8E1E5545C800A2CD23 /* DockerBarHelper */,
				E5CDC83F1E4951C600DD297F /* Products */,
				E51BFD9E1E5545ED00A2CD23 /* Frameworks */,
				1CFFADF34A2BC694102544CE /* Pods */,
			);
			sourceTree = "<group>";
		};
		E5CDC83F1E4951C600DD297F /* Products */ = {
			isa = PBXGroup;
			children = (
				E5CDC83E1E4951C600DD297F /* DockerBar.app */,
				E5CDC84D1E4951C600DD297F /* DockerBarTests.xctest */,
				E5CDC8581E4951C600DD297F /* DockerBarUITests.xctest */,
				E51BFD8D1E5545C700A2CD23 /* DockerBarHelper.app */,
			);
			name = Products;
			sourceTree = "<group>";
		};
		E5CDC8401E4951C600DD297F /* DockerBar */ = {
			isa = PBXGroup;
			children = (
				E548E0111E55529300C2E63C /* Podfile */,
				E50F46541E4EBF3D0075AD7F /* PreferencesWindow.swift */,
				E50F46551E4EBF3D0075AD7F /* PreferencesWindow.xib */,
				E5CDC8411E4951C600DD297F /* AppDelegate.swift */,
				E5CDC8431E4951C600DD297F /* Assets.xcassets */,
				E5CDC8451E4951C600DD297F /* MainMenu.xib */,
				E5CDC8481E4951C600DD297F /* Info.plist */,
				E5CDC86A1E4975E900DD297F /* StatusMenuController.swift */,
				E5CDC86D1E497A5A00DD297F /* DockerAPI.swift */,
				E56DC2811E4A27F700D9D2D9 /* DockerContainer.swift */,
				E5CDC86F1E4A1C3C00DD297F /* RegexExtension.swift */,
			);
			path = DockerBar;
			sourceTree = "<group>";
		};
		E5CDC8501E4951C600DD297F /* DockerBarTests */ = {
			isa = PBXGroup;
			children = (
				E5CDC8511E4951C600DD297F /* DockerBarTests.swift */,
				E5CDC8531E4951C600DD297F /* Info.plist */,
			);
			path = DockerBarTests;
			sourceTree = "<group>";
		};
		E5CDC85B1E4951C600DD297F /* DockerBarUITests */ = {
			isa = PBXGroup;
			children = (
				E5CDC85C1E4951C600DD297F /* DockerBarUITests.swift */,
				E5CDC85E1E4951C600DD297F /* Info.plist */,
			);
			path = DockerBarUITests;
			sourceTree = "<group>";
		};
/* End PBXGroup section */

/* Begin PBXNativeTarget section */
		E51BFD8C1E5545C700A2CD23 /* DockerBarHelper */ = {
			isa = PBXNativeTarget;
			buildConfigurationList = E51BFD9B1E5545C800A2CD23 /* Build configuration list for PBXNativeTarget "DockerBarHelper" */;
			buildPhases = (
				9371FCA57BA21061F2D262F3 /* [CP] Check Pods Manifest.lock */,
				E51BFD891E5545C700A2CD23 /* Sources */,
				E51BFD8A1E5545C700A2CD23 /* Frameworks */,
				E51BFD8B1E5545C700A2CD23 /* Resources */,
				8348BB5E3BD462124CCFE7C6 /* [CP] Embed Pods Frameworks */,
				4383A8A9727CEDEF3F8FBC72 /* [CP] Copy Pods Resources */,
			);
			buildRules = (
			);
			dependencies = (
			);
			name = DockerBarHelper;
			productName = DockerBarHelper;
			productReference = E51BFD8D1E5545C700A2CD23 /* DockerBarHelper.app */;
			productType = "com.apple.product-type.application";
		};
		E5CDC83D1E4951C600DD297F /* DockerBar */ = {
			isa = PBXNativeTarget;
			buildConfigurationList = E5CDC8611E4951C600DD297F /* Build configuration list for PBXNativeTarget "DockerBar" */;
			buildPhases = (
				49E9868F7ADB4776D3CC97B9 /* [CP] Check Pods Manifest.lock */,
				E5CDC83A1E4951C600DD297F /* Sources */,
				E5CDC83B1E4951C600DD297F /* Frameworks */,
				E5CDC83C1E4951C600DD297F /* Resources */,
				E51BFDA41E55464800A2CD23 /* CopyFiles */,
				8E34BFF61E3F9F2288490281 /* [CP] Embed Pods Frameworks */,
				8EEBAD310CDCDBE0560F8EA1 /* [CP] Copy Pods Resources */,
			);
			buildRules = (
			);
			dependencies = (
			);
			name = DockerBar;
			productName = WeatherBar;
			productReference = E5CDC83E1E4951C600DD297F /* DockerBar.app */;
			productType = "com.apple.product-type.application";
		};
		E5CDC84C1E4951C600DD297F /* DockerBarTests */ = {
			isa = PBXNativeTarget;
			buildConfigurationList = E5CDC8641E4951C600DD297F /* Build configuration list for PBXNativeTarget "DockerBarTests" */;
			buildPhases = (
				0948B97B170754E34CAAD30F /* [CP] Check Pods Manifest.lock */,
				E5CDC8491E4951C600DD297F /* Sources */,
				E5CDC84A1E4951C600DD297F /* Frameworks */,
				E5CDC84B1E4951C600DD297F /* Resources */,
				1F8D189ACBB63CCC8CC134E4 /* [CP] Embed Pods Frameworks */,
				C85B544DD1D810662500E05C /* [CP] Copy Pods Resources */,
			);
			buildRules = (
			);
			dependencies = (
				E5CDC84F1E4951C600DD297F /* PBXTargetDependency */,
			);
			name = DockerBarTests;
			productName = WeatherBarTests;
			productReference = E5CDC84D1E4951C600DD297F /* DockerBarTests.xctest */;
			productType = "com.apple.product-type.bundle.unit-test";
		};
		E5CDC8571E4951C600DD297F /* DockerBarUITests */ = {
			isa = PBXNativeTarget;
			buildConfigurationList = E5CDC8671E4951C600DD297F /* Build configuration list for PBXNativeTarget "DockerBarUITests" */;
			buildPhases = (
				68DB0BC15B3BCB340C974947 /* [CP] Check Pods Manifest.lock */,
				E5CDC8541E4951C600DD297F /* Sources */,
				E5CDC8551E4951C600DD297F /* Frameworks */,
				E5CDC8561E4951C600DD297F /* Resources */,
				D43C052F45AE0825E3169A9F /* [CP] Embed Pods Frameworks */,
				3E87B79E45D5AB66B19500F9 /* [CP] Copy Pods Resources */,
			);
			buildRules = (
			);
			dependencies = (
				E5CDC85A1E4951C600DD297F /* PBXTargetDependency */,
			);
			name = DockerBarUITests;
			productName = WeatherBarUITests;
			productReference = E5CDC8581E4951C600DD297F /* DockerBarUITests.xctest */;
			productType = "com.apple.product-type.bundle.ui-testing";
		};
/* End PBXNativeTarget section */

/* Begin PBXProject section */
		E5CDC8361E4951C600DD297F /* Project object */ = {
			isa = PBXProject;
			attributes = {
				LastSwiftUpdateCheck = 0820;
				LastUpgradeCheck = 0820;
				ORGANIZATIONNAME = "Russell Osborne";
				TargetAttributes = {
					E51BFD8C1E5545C700A2CD23 = {
						CreatedOnToolsVersion = 8.2.1;
						DevelopmentTeam = 747UW3DPNK;
						ProvisioningStyle = Automatic;
					};
					E5CDC83D1E4951C600DD297F = {
						CreatedOnToolsVersion = 8.2.1;
						ProvisioningStyle = Automatic;
					};
					E5CDC84C1E4951C600DD297F = {
						CreatedOnToolsVersion = 8.2.1;
						ProvisioningStyle = Automatic;
						TestTargetID = E5CDC83D1E4951C600DD297F;
					};
					E5CDC8571E4951C600DD297F = {
						CreatedOnToolsVersion = 8.2.1;
						ProvisioningStyle = Automatic;
						TestTargetID = E5CDC83D1E4951C600DD297F;
					};
				};
			};
			buildConfigurationList = E5CDC8391E4951C600DD297F /* Build configuration list for PBXProject "DockerBar" */;
			compatibilityVersion = "Xcode 8.0";
			developmentRegion = English;
			hasScannedForEncodings = 0;
			knownRegions = (
				en,
				Base,
			);
			mainGroup = E5CDC8351E4951C600DD297F;
			productRefGroup = E5CDC83F1E4951C600DD297F /* Products */;
			projectDirPath = "";
			projectRoot = "";
			targets = (
				E5CDC83D1E4951C600DD297F /* DockerBar */,
				E5CDC84C1E4951C600DD297F /* DockerBarTests */,
				E5CDC8571E4951C600DD297F /* DockerBarUITests */,
				E51BFD8C1E5545C700A2CD23 /* DockerBarHelper */,
			);
		};
/* End PBXProject section */

/* Begin PBXResourcesBuildPhase section */
		E51BFD8B1E5545C700A2CD23 /* Resources */ = {
			isa = PBXResourcesBuildPhase;
			buildActionMask = 2147483647;
			files = (
				E51BFD961E5545C800A2CD23 /* Assets.xcassets in Resources */,
				E51BFD991E5545C800A2CD23 /* MainMenu.xib in Resources */,
			);
			runOnlyForDeploymentPostprocessing = 0;
		};
		E5CDC83C1E4951C600DD297F /* Resources */ = {
			isa = PBXResourcesBuildPhase;
			buildActionMask = 2147483647;
			files = (
				E548E0121E55529300C2E63C /* Podfile in Resources */,
				E548E0151E555AC100C2E63C /* dsa_pub.pem in Resources */,
				E5CDC8441E4951C600DD297F /* Assets.xcassets in Resources */,
				E50F46571E4EBF3D0075AD7F /* PreferencesWindow.xib in Resources */,
				E5CDC8471E4951C600DD297F /* MainMenu.xib in Resources */,
			);
			runOnlyForDeploymentPostprocessing = 0;
		};
		E5CDC84B1E4951C600DD297F /* Resources */ = {
			isa = PBXResourcesBuildPhase;
			buildActionMask = 2147483647;
			files = (
			);
			runOnlyForDeploymentPostprocessing = 0;
		};
		E5CDC8561E4951C600DD297F /* Resources */ = {
			isa = PBXResourcesBuildPhase;
			buildActionMask = 2147483647;
			files = (
			);
			runOnlyForDeploymentPostprocessing = 0;
		};
/* End PBXResourcesBuildPhase section */

/* Begin PBXShellScriptBuildPhase section */
		0948B97B170754E34CAAD30F /* [CP] Check Pods Manifest.lock */ = {
			isa = PBXShellScriptBuildPhase;
			buildActionMask = 2147483647;
			files = (
			);
			inputPaths = (
			);
			name = "[CP] Check Pods Manifest.lock";
			outputPaths = (
			);
			runOnlyForDeploymentPostprocessing = 0;
			shellPath = /bin/sh;
			shellScript = "diff \"${PODS_ROOT}/../Podfile.lock\" \"${PODS_ROOT}/Manifest.lock\" > /dev/null\nif [ $? != 0 ] ; then\n    # print error to STDERR\n    echo \"error: The sandbox is not in sync with the Podfile.lock. Run 'pod install' or update your CocoaPods installation.\" >&2\n    exit 1\nfi\n";
			showEnvVarsInLog = 0;
		};
		1F8D189ACBB63CCC8CC134E4 /* [CP] Embed Pods Frameworks */ = {
			isa = PBXShellScriptBuildPhase;
			buildActionMask = 2147483647;
			files = (
			);
			inputPaths = (
			);
			name = "[CP] Embed Pods Frameworks";
			outputPaths = (
			);
			runOnlyForDeploymentPostprocessing = 0;
			shellPath = /bin/sh;
			shellScript = "\"${SRCROOT}/Pods/Target Support Files/Pods-DockerBarTests/Pods-DockerBarTests-frameworks.sh\"\n";
			showEnvVarsInLog = 0;
		};
		3E87B79E45D5AB66B19500F9 /* [CP] Copy Pods Resources */ = {
			isa = PBXShellScriptBuildPhase;
			buildActionMask = 2147483647;
			files = (
			);
			inputPaths = (
			);
			name = "[CP] Copy Pods Resources";
			outputPaths = (
			);
			runOnlyForDeploymentPostprocessing = 0;
			shellPath = /bin/sh;
			shellScript = "\"${SRCROOT}/Pods/Target Support Files/Pods-DockerBarUITests/Pods-DockerBarUITests-resources.sh\"\n";
			showEnvVarsInLog = 0;
		};
		4383A8A9727CEDEF3F8FBC72 /* [CP] Copy Pods Resources */ = {
			isa = PBXShellScriptBuildPhase;
			buildActionMask = 2147483647;
			files = (
			);
			inputPaths = (
			);
			name = "[CP] Copy Pods Resources";
			outputPaths = (
			);
			runOnlyForDeploymentPostprocessing = 0;
			shellPath = /bin/sh;
			shellScript = "\"${SRCROOT}/Pods/Target Support Files/Pods-DockerBarHelper/Pods-DockerBarHelper-resources.sh\"\n";
			showEnvVarsInLog = 0;
		};
		49E9868F7ADB4776D3CC97B9 /* [CP] Check Pods Manifest.lock */ = {
			isa = PBXShellScriptBuildPhase;
			buildActionMask = 2147483647;
			files = (
			);
			inputPaths = (
			);
			name = "[CP] Check Pods Manifest.lock";
			outputPaths = (
			);
			runOnlyForDeploymentPostprocessing = 0;
			shellPath = /bin/sh;
			shellScript = "diff \"${PODS_ROOT}/../Podfile.lock\" \"${PODS_ROOT}/Manifest.lock\" > /dev/null\nif [ $? != 0 ] ; then\n    # print error to STDERR\n    echo \"error: The sandbox is not in sync with the Podfile.lock. Run 'pod install' or update your CocoaPods installation.\" >&2\n    exit 1\nfi\n";
			showEnvVarsInLog = 0;
		};
		68DB0BC15B3BCB340C974947 /* [CP] Check Pods Manifest.lock */ = {
			isa = PBXShellScriptBuildPhase;
			buildActionMask = 2147483647;
			files = (
			);
			inputPaths = (
			);
			name = "[CP] Check Pods Manifest.lock";
			outputPaths = (
			);
			runOnlyForDeploymentPostprocessing = 0;
			shellPath = /bin/sh;
			shellScript = "diff \"${PODS_ROOT}/../Podfile.lock\" \"${PODS_ROOT}/Manifest.lock\" > /dev/null\nif [ $? != 0 ] ; then\n    # print error to STDERR\n    echo \"error: The sandbox is not in sync with the Podfile.lock. Run 'pod install' or update your CocoaPods installation.\" >&2\n    exit 1\nfi\n";
			showEnvVarsInLog = 0;
		};
		8348BB5E3BD462124CCFE7C6 /* [CP] Embed Pods Frameworks */ = {
			isa = PBXShellScriptBuildPhase;
			buildActionMask = 2147483647;
			files = (
			);
			inputPaths = (
			);
			name = "[CP] Embed Pods Frameworks";
			outputPaths = (
			);
			runOnlyForDeploymentPostprocessing = 0;
			shellPath = /bin/sh;
			shellScript = "\"${SRCROOT}/Pods/Target Support Files/Pods-DockerBarHelper/Pods-DockerBarHelper-frameworks.sh\"\n";
			showEnvVarsInLog = 0;
		};
		8E34BFF61E3F9F2288490281 /* [CP] Embed Pods Frameworks */ = {
			isa = PBXShellScriptBuildPhase;
			buildActionMask = 2147483647;
			files = (
			);
			inputPaths = (
			);
			name = "[CP] Embed Pods Frameworks";
			outputPaths = (
			);
			runOnlyForDeploymentPostprocessing = 0;
			shellPath = /bin/sh;
			shellScript = "\"${SRCROOT}/Pods/Target Support Files/Pods-DockerBar/Pods-DockerBar-frameworks.sh\"\n";
			showEnvVarsInLog = 0;
		};
		8EEBAD310CDCDBE0560F8EA1 /* [CP] Copy Pods Resources */ = {
			isa = PBXShellScriptBuildPhase;
			buildActionMask = 2147483647;
			files = (
			);
			inputPaths = (
			);
			name = "[CP] Copy Pods Resources";
			outputPaths = (
			);
			runOnlyForDeploymentPostprocessing = 0;
			shellPath = /bin/sh;
			shellScript = "\"${SRCROOT}/Pods/Target Support Files/Pods-DockerBar/Pods-DockerBar-resources.sh\"\n";
			showEnvVarsInLog = 0;
		};
		9371FCA57BA21061F2D262F3 /* [CP] Check Pods Manifest.lock */ = {
			isa = PBXShellScriptBuildPhase;
			buildActionMask = 2147483647;
			files = (
			);
			inputPaths = (
			);
			name = "[CP] Check Pods Manifest.lock";
			outputPaths = (
			);
			runOnlyForDeploymentPostprocessing = 0;
			shellPath = /bin/sh;
			shellScript = "diff \"${PODS_ROOT}/../Podfile.lock\" \"${PODS_ROOT}/Manifest.lock\" > /dev/null\nif [ $? != 0 ] ; then\n    # print error to STDERR\n    echo \"error: The sandbox is not in sync with the Podfile.lock. Run 'pod install' or update your CocoaPods installation.\" >&2\n    exit 1\nfi\n";
			showEnvVarsInLog = 0;
		};
		C85B544DD1D810662500E05C /* [CP] Copy Pods Resources */ = {
			isa = PBXShellScriptBuildPhase;
			buildActionMask = 2147483647;
			files = (
			);
			inputPaths = (
			);
			name = "[CP] Copy Pods Resources";
			outputPaths = (
			);
			runOnlyForDeploymentPostprocessing = 0;
			shellPath = /bin/sh;
			shellScript = "\"${SRCROOT}/Pods/Target Support Files/Pods-DockerBarTests/Pods-DockerBarTests-resources.sh\"\n";
			showEnvVarsInLog = 0;
		};
		D43C052F45AE0825E3169A9F /* [CP] Embed Pods Frameworks */ = {
			isa = PBXShellScriptBuildPhase;
			buildActionMask = 2147483647;
			files = (
			);
			inputPaths = (
			);
			name = "[CP] Embed Pods Frameworks";
			outputPaths = (
			);
			runOnlyForDeploymentPostprocessing = 0;
			shellPath = /bin/sh;
			shellScript = "\"${SRCROOT}/Pods/Target Support Files/Pods-DockerBarUITests/Pods-DockerBarUITests-frameworks.sh\"\n";
			showEnvVarsInLog = 0;
		};
/* End PBXShellScriptBuildPhase section */

/* Begin PBXSourcesBuildPhase section */
		E51BFD891E5545C700A2CD23 /* Sources */ = {
			isa = PBXSourcesBuildPhase;
			buildActionMask = 2147483647;
			files = (
				E51BFD941E5545C800A2CD23 /* main.m in Sources */,
				E51BFD911E5545C800A2CD23 /* AppDelegate.m in Sources */,
			);
			runOnlyForDeploymentPostprocessing = 0;
		};
		E5CDC83A1E4951C600DD297F /* Sources */ = {
			isa = PBXSourcesBuildPhase;
			buildActionMask = 2147483647;
			files = (
				E5CDC86B1E4975E900DD297F /* StatusMenuController.swift in Sources */,
				E5CDC8421E4951C600DD297F /* AppDelegate.swift in Sources */,
				E5CDC86E1E497A5A00DD297F /* DockerAPI.swift in Sources */,
				E5CDC8701E4A1C3C00DD297F /* RegexExtension.swift in Sources */,
				E50F46561E4EBF3D0075AD7F /* PreferencesWindow.swift in Sources */,
				E56DC2821E4A27F700D9D2D9 /* DockerContainer.swift in Sources */,
			);
			runOnlyForDeploymentPostprocessing = 0;
		};
		E5CDC8491E4951C600DD297F /* Sources */ = {
			isa = PBXSourcesBuildPhase;
			buildActionMask = 2147483647;
			files = (
				E5CDC8521E4951C600DD297F /* DockerBarTests.swift in Sources */,
			);
			runOnlyForDeploymentPostprocessing = 0;
		};
		E5CDC8541E4951C600DD297F /* Sources */ = {
			isa = PBXSourcesBuildPhase;
			buildActionMask = 2147483647;
			files = (
				E5CDC85D1E4951C600DD297F /* DockerBarUITests.swift in Sources */,
			);
			runOnlyForDeploymentPostprocessing = 0;
		};
/* End PBXSourcesBuildPhase section */

/* Begin PBXTargetDependency section */
		E5CDC84F1E4951C600DD297F /* PBXTargetDependency */ = {
			isa = PBXTargetDependency;
			target = E5CDC83D1E4951C600DD297F /* DockerBar */;
			targetProxy = E5CDC84E1E4951C600DD297F /* PBXContainerItemProxy */;
		};
		E5CDC85A1E4951C600DD297F /* PBXTargetDependency */ = {
			isa = PBXTargetDependency;
			target = E5CDC83D1E4951C600DD297F /* DockerBar */;
			targetProxy = E5CDC8591E4951C600DD297F /* PBXContainerItemProxy */;
		};
/* End PBXTargetDependency section */

/* Begin PBXVariantGroup section */
		E51BFD971E5545C800A2CD23 /* MainMenu.xib */ = {
			isa = PBXVariantGroup;
			children = (
				E51BFD981E5545C800A2CD23 /* Base */,
			);
			name = MainMenu.xib;
			sourceTree = "<group>";
		};
		E5CDC8451E4951C600DD297F /* MainMenu.xib */ = {
			isa = PBXVariantGroup;
			children = (
				E5CDC8461E4951C600DD297F /* Base */,
			);
			name = MainMenu.xib;
			sourceTree = "<group>";
		};
/* End PBXVariantGroup section */

/* Begin XCBuildConfiguration section */
		E51BFD9C1E5545C800A2CD23 /* Debug */ = {
			isa = XCBuildConfiguration;
			baseConfigurationReference = 7F6185659589652BACEAB965 /* Pods-DockerBarHelper.debug.xcconfig */;
			buildSettings = {
				ASSETCATALOG_COMPILER_APPICON_NAME = AppIcon;
				CODE_SIGN_IDENTITY = "Mac Developer";
				COMBINE_HIDPI_IMAGES = YES;
				DEVELOPMENT_TEAM = 747UW3DPNK;
				INFOPLIST_FILE = DockerBarHelper/Info.plist;
				LD_RUNPATH_SEARCH_PATHS = "$(inherited) @executable_path/../Frameworks";
				PRODUCT_BUNDLE_IDENTIFIER = com.burningpony.DockerBarHelper;
				PRODUCT_NAME = "$(TARGET_NAME)";
				SKIP_INSTALL = YES;
			};
			name = Debug;
		};
		E51BFD9D1E5545C800A2CD23 /* Release */ = {
			isa = XCBuildConfiguration;
			baseConfigurationReference = FE87B83AB3296BCCEC047AC7 /* Pods-DockerBarHelper.release.xcconfig */;
			buildSettings = {
				ASSETCATALOG_COMPILER_APPICON_NAME = AppIcon;
				CODE_SIGN_IDENTITY = "Mac Developer";
				COMBINE_HIDPI_IMAGES = YES;
				DEVELOPMENT_TEAM = 747UW3DPNK;
				INFOPLIST_FILE = DockerBarHelper/Info.plist;
				LD_RUNPATH_SEARCH_PATHS = "$(inherited) @executable_path/../Frameworks";
				PRODUCT_BUNDLE_IDENTIFIER = com.burningpony.DockerBarHelper;
				PRODUCT_NAME = "$(TARGET_NAME)";
				SKIP_INSTALL = YES;
			};
			name = Release;
		};
		E5CDC85F1E4951C600DD297F /* Debug */ = {
			isa = XCBuildConfiguration;
			buildSettings = {
				ALWAYS_SEARCH_USER_PATHS = NO;
				CLANG_ANALYZER_NONNULL = YES;
				CLANG_CXX_LANGUAGE_STANDARD = "gnu++0x";
				CLANG_CXX_LIBRARY = "libc++";
				CLANG_ENABLE_MODULES = YES;
				CLANG_ENABLE_OBJC_ARC = YES;
				CLANG_WARN_BOOL_CONVERSION = YES;
				CLANG_WARN_CONSTANT_CONVERSION = YES;
				CLANG_WARN_DIRECT_OBJC_ISA_USAGE = YES_ERROR;
				CLANG_WARN_DOCUMENTATION_COMMENTS = YES;
				CLANG_WARN_EMPTY_BODY = YES;
				CLANG_WARN_ENUM_CONVERSION = YES;
				CLANG_WARN_INFINITE_RECURSION = YES;
				CLANG_WARN_INT_CONVERSION = YES;
				CLANG_WARN_OBJC_ROOT_CLASS = YES_ERROR;
				CLANG_WARN_SUSPICIOUS_MOVE = YES;
				CLANG_WARN_UNREACHABLE_CODE = YES;
				CLANG_WARN__DUPLICATE_METHOD_MATCH = YES;
				CODE_SIGN_IDENTITY = "-";
				COPY_PHASE_STRIP = NO;
				DEBUG_INFORMATION_FORMAT = dwarf;
				ENABLE_STRICT_OBJC_MSGSEND = YES;
				ENABLE_TESTABILITY = YES;
				GCC_C_LANGUAGE_STANDARD = gnu99;
				GCC_DYNAMIC_NO_PIC = NO;
				GCC_NO_COMMON_BLOCKS = YES;
				GCC_OPTIMIZATION_LEVEL = 0;
				GCC_PREPROCESSOR_DEFINITIONS = (
					"DEBUG=1",
					"$(inherited)",
				);
				GCC_WARN_64_TO_32_BIT_CONVERSION = YES;
				GCC_WARN_ABOUT_RETURN_TYPE = YES_ERROR;
				GCC_WARN_UNDECLARED_SELECTOR = YES;
				GCC_WARN_UNINITIALIZED_AUTOS = YES_AGGRESSIVE;
				GCC_WARN_UNUSED_FUNCTION = YES;
				GCC_WARN_UNUSED_VARIABLE = YES;
				MACOSX_DEPLOYMENT_TARGET = 10.12;
				MTL_ENABLE_DEBUG_INFO = YES;
				ONLY_ACTIVE_ARCH = YES;
				SDKROOT = macosx;
				SWIFT_ACTIVE_COMPILATION_CONDITIONS = DEBUG;
				SWIFT_OPTIMIZATION_LEVEL = "-Onone";
			};
			name = Debug;
		};
		E5CDC8601E4951C600DD297F /* Release */ = {
			isa = XCBuildConfiguration;
			buildSettings = {
				ALWAYS_SEARCH_USER_PATHS = NO;
				CLANG_ANALYZER_NONNULL = YES;
				CLANG_CXX_LANGUAGE_STANDARD = "gnu++0x";
				CLANG_CXX_LIBRARY = "libc++";
				CLANG_ENABLE_MODULES = YES;
				CLANG_ENABLE_OBJC_ARC = YES;
				CLANG_WARN_BOOL_CONVERSION = YES;
				CLANG_WARN_CONSTANT_CONVERSION = YES;
				CLANG_WARN_DIRECT_OBJC_ISA_USAGE = YES_ERROR;
				CLANG_WARN_DOCUMENTATION_COMMENTS = YES;
				CLANG_WARN_EMPTY_BODY = YES;
				CLANG_WARN_ENUM_CONVERSION = YES;
				CLANG_WARN_INFINITE_RECURSION = YES;
				CLANG_WARN_INT_CONVERSION = YES;
				CLANG_WARN_OBJC_ROOT_CLASS = YES_ERROR;
				CLANG_WARN_SUSPICIOUS_MOVE = YES;
				CLANG_WARN_UNREACHABLE_CODE = YES;
				CLANG_WARN__DUPLICATE_METHOD_MATCH = YES;
				CODE_SIGN_IDENTITY = "-";
				COPY_PHASE_STRIP = NO;
				DEBUG_INFORMATION_FORMAT = "dwarf-with-dsym";
				ENABLE_NS_ASSERTIONS = NO;
				ENABLE_STRICT_OBJC_MSGSEND = YES;
				GCC_C_LANGUAGE_STANDARD = gnu99;
				GCC_NO_COMMON_BLOCKS = YES;
				GCC_WARN_64_TO_32_BIT_CONVERSION = YES;
				GCC_WARN_ABOUT_RETURN_TYPE = YES_ERROR;
				GCC_WARN_UNDECLARED_SELECTOR = YES;
				GCC_WARN_UNINITIALIZED_AUTOS = YES_AGGRESSIVE;
				GCC_WARN_UNUSED_FUNCTION = YES;
				GCC_WARN_UNUSED_VARIABLE = YES;
				MACOSX_DEPLOYMENT_TARGET = 10.12;
				MTL_ENABLE_DEBUG_INFO = NO;
				SDKROOT = macosx;
				SWIFT_OPTIMIZATION_LEVEL = "-Owholemodule";
			};
			name = Release;
		};
		E5CDC8621E4951C600DD297F /* Debug */ = {
			isa = XCBuildConfiguration;
			baseConfigurationReference = 8B67F1A9A6E302E3449DB410 /* Pods-DockerBar.debug.xcconfig */;
			buildSettings = {
				ASSETCATALOG_COMPILER_APPICON_NAME = AppIcon;
				CODE_SIGN_IDENTITY = "Mac Developer";
				COMBINE_HIDPI_IMAGES = YES;
				DEVELOPMENT_TEAM = 747UW3DPNK;
				INFOPLIST_FILE = "$(SRCROOT)/DockerBar/Info.plist";
				LD_RUNPATH_SEARCH_PATHS = "$(inherited) @executable_path/../Frameworks";
				PRODUCT_BUNDLE_IDENTIFIER = com.burningpony.DockerBar;
				PRODUCT_NAME = "$(TARGET_NAME)";
				SWIFT_VERSION = 3.0;
			};
			name = Debug;
		};
		E5CDC8631E4951C600DD297F /* Release */ = {
			isa = XCBuildConfiguration;
			baseConfigurationReference = A64BA147957A3C78C9272053 /* Pods-DockerBar.release.xcconfig */;
			buildSettings = {
				ASSETCATALOG_COMPILER_APPICON_NAME = AppIcon;
				CODE_SIGN_IDENTITY = "Mac Developer";
				COMBINE_HIDPI_IMAGES = YES;
				DEVELOPMENT_TEAM = 747UW3DPNK;
				INFOPLIST_FILE = "$(SRCROOT)/DockerBar/Info.plist";
				LD_RUNPATH_SEARCH_PATHS = "$(inherited) @executable_path/../Frameworks";
				PRODUCT_BUNDLE_IDENTIFIER = com.burningpony.DockerBar;
				PRODUCT_NAME = "$(TARGET_NAME)";
				SWIFT_VERSION = 3.0;
			};
			name = Release;
		};
		E5CDC8651E4951C600DD297F /* Debug */ = {
			isa = XCBuildConfiguration;
			baseConfigurationReference = 97C5EAE6B9663D9E18EFC7A9 /* Pods-DockerBarTests.debug.xcconfig */;
			buildSettings = {
				ALWAYS_EMBED_SWIFT_STANDARD_LIBRARIES = YES;
				BUNDLE_LOADER = "$(TEST_HOST)";
				COMBINE_HIDPI_IMAGES = YES;
				INFOPLIST_FILE = WeatherBarTests/Info.plist;
				LD_RUNPATH_SEARCH_PATHS = "$(inherited) @executable_path/../Frameworks @loader_path/../Frameworks";
				PRODUCT_BUNDLE_IDENTIFIER = com.burningpony.WeatherBarTests;
				PRODUCT_NAME = "$(TARGET_NAME)";
				SWIFT_VERSION = 3.0;
				TEST_HOST = "$(BUILT_PRODUCTS_DIR)/DockerBar.app/Contents/MacOS/DockerBar";
			};
			name = Debug;
		};
		E5CDC8661E4951C600DD297F /* Release */ = {
			isa = XCBuildConfiguration;
			baseConfigurationReference = C2EB748DEC1EA39050D4627A /* Pods-DockerBarTests.release.xcconfig */;
			buildSettings = {
				ALWAYS_EMBED_SWIFT_STANDARD_LIBRARIES = YES;
				BUNDLE_LOADER = "$(TEST_HOST)";
				COMBINE_HIDPI_IMAGES = YES;
				INFOPLIST_FILE = WeatherBarTests/Info.plist;
				LD_RUNPATH_SEARCH_PATHS = "$(inherited) @executable_path/../Frameworks @loader_path/../Frameworks";
				PRODUCT_BUNDLE_IDENTIFIER = com.burningpony.WeatherBarTests;
				PRODUCT_NAME = "$(TARGET_NAME)";
				SWIFT_VERSION = 3.0;
				TEST_HOST = "$(BUILT_PRODUCTS_DIR)/DockerBar.app/Contents/MacOS/DockerBar";
			};
			name = Release;
		};
		E5CDC8681E4951C600DD297F /* Debug */ = {
			isa = XCBuildConfiguration;
			baseConfigurationReference = F7178212A28F4A525A07261F /* Pods-DockerBarUITests.debug.xcconfig */;
			buildSettings = {
				ALWAYS_EMBED_SWIFT_STANDARD_LIBRARIES = YES;
				COMBINE_HIDPI_IMAGES = YES;
				INFOPLIST_FILE = WeatherBarUITests/Info.plist;
				LD_RUNPATH_SEARCH_PATHS = "$(inherited) @executable_path/../Frameworks @loader_path/../Frameworks";
				PRODUCT_BUNDLE_IDENTIFIER = com.burningpony.WeatherBarUITests;
				PRODUCT_NAME = "$(TARGET_NAME)";
				SWIFT_VERSION = 3.0;
				TEST_TARGET_NAME = WeatherBar;
			};
			name = Debug;
		};
		E5CDC8691E4951C600DD297F /* Release */ = {
			isa = XCBuildConfiguration;
			baseConfigurationReference = 929733CCCDBD84E9A364348C /* Pods-DockerBarUITests.release.xcconfig */;
			buildSettings = {
				ALWAYS_EMBED_SWIFT_STANDARD_LIBRARIES = YES;
				COMBINE_HIDPI_IMAGES = YES;
				INFOPLIST_FILE = WeatherBarUITests/Info.plist;
				LD_RUNPATH_SEARCH_PATHS = "$(inherited) @executable_path/../Frameworks @loader_path/../Frameworks";
				PRODUCT_BUNDLE_IDENTIFIER = com.burningpony.WeatherBarUITests;
				PRODUCT_NAME = "$(TARGET_NAME)";
				SWIFT_VERSION = 3.0;
				TEST_TARGET_NAME = WeatherBar;
			};
			name = Release;
		};
/* End XCBuildConfiguration section */

/* Begin XCConfigurationList section */
		E51BFD9B1E5545C800A2CD23 /* Build configuration list for PBXNativeTarget "DockerBarHelper" */ = {
			isa = XCConfigurationList;
			buildConfigurations = (
				E51BFD9C1E5545C800A2CD23 /* Debug */,
				E51BFD9D1E5545C800A2CD23 /* Release */,
			);
			defaultConfigurationIsVisible = 0;
			defaultConfigurationName = Release;
		};
		E5CDC8391E4951C600DD297F /* Build configuration list for PBXProject "DockerBar" */ = {
			isa = XCConfigurationList;
			buildConfigurations = (
				E5CDC85F1E4951C600DD297F /* Debug */,
				E5CDC8601E4951C600DD297F /* Release */,
			);
			defaultConfigurationIsVisible = 0;
			defaultConfigurationName = Release;
		};
		E5CDC8611E4951C600DD297F /* Build configuration list for PBXNativeTarget "DockerBar" */ = {
			isa = XCConfigurationList;
			buildConfigurations = (
				E5CDC8621E4951C600DD297F /* Debug */,
				E5CDC8631E4951C600DD297F /* Release */,
			);
			defaultConfigurationIsVisible = 0;
			defaultConfigurationName = Release;
		};
		E5CDC8641E4951C600DD297F /* Build configuration list for PBXNativeTarget "DockerBarTests" */ = {
			isa = XCConfigurationList;
			buildConfigurations = (
				E5CDC8651E4951C600DD297F /* Debug */,
				E5CDC8661E4951C600DD297F /* Release */,
			);
			defaultConfigurationIsVisible = 0;
			defaultConfigurationName = Release;
		};
		E5CDC8671E4951C600DD297F /* Build configuration list for PBXNativeTarget "DockerBarUITests" */ = {
			isa = XCConfigurationList;
			buildConfigurations = (
				E5CDC8681E4951C600DD297F /* Debug */,
				E5CDC8691E4951C600DD297F /* Release */,
			);
			defaultConfigurationIsVisible = 0;
			defaultConfigurationName = Release;
		};
/* End XCConfigurationList section */
	};
	rootObject = E5CDC8361E4951C600DD297F /* Project object */;
}
